
Microsoft Visual Studio Solution File, Format Version 12.00
# Visual Studio 15
VisualStudioVersion = 15.0.28010.2046
MinimumVisualStudioVersion = 10.0.40219.1
Project("{9A19103F-16F7-4668-BE54-9A1E7A4F7556}") = "WebAPIs", "WebAPIs\WebAPIs.csproj", "{4BE9657C-C17D-4B53-ADE4-DBCD15008C2C}"
EndProject
Project("{9A19103F-16F7-4668-BE54-9A1E7A4F7556}") = "Entity", "Entity\Entity.csproj", "{3EC4B728-49EE-4C80-A418-311692C59B1C}"
EndProject
Project("{9A19103F-16F7-4668-BE54-9A1E7A4F7556}") = "Data", "Data\Data.csproj", "{8AA96C87-AEEF-4F2E-9A87-BB02416974F3}"
EndProject
Project("{9A19103F-16F7-4668-BE54-9A1E7A4F7556}") = "Service", "Service\Service.csproj", "{DC7333D5-93B0-44D0-891C-22EF99703845}"
EndProject
Project("{9A19103F-16F7-4668-BE54-9A1E7A4F7556}") = "ViewModel", "ViewModel\ViewModel.csproj", "{8086C1D7-9A4B-4A21-B6CC-46971A9E2175}"
EndProject
Project("{9A19103F-16F7-4668-BE54-9A1E7A4F7556}") = "Common", "Common\Common.csproj", "{86851471-A30C-4AE2-A6C2-E484A38CFF74}"
EndProject
Global
	GlobalSection(SolutionConfigurationPlatforms) = preSolution
		Debug|Any CPU = Debug|Any CPU
		Release|Any CPU = Release|Any CPU
	EndGlobalSection
	GlobalSection(ProjectConfigurationPlatforms) = postSolution
		{4BE9657C-C17D-4B53-ADE4-DBCD15008C2C}.Debug|Any CPU.ActiveCfg = Debug|Any CPU
		{4BE9657C-C17D-4B53-ADE4-DBCD15008C2C}.Debug|Any CPU.Build.0 = Debug|Any CPU
		{4BE9657C-C17D-4B53-ADE4-DBCD15008C2C}.Release|Any CPU.ActiveCfg = Release|Any CPU
		{4BE9657C-C17D-4B53-ADE4-DBCD15008C2C}.Release|Any CPU.Build.0 = Release|Any CPU
		{3EC4B728-49EE-4C80-A418-311692C59B1C}.Debug|Any CPU.ActiveCfg = Debug|Any CPU
		{3EC4B728-49EE-4C80-A418-311692C59B1C}.Debug|Any CPU.Build.0 = Debug|Any CPU
		{3EC4B728-49EE-4C80-A418-311692C59B1C}.Release|Any CPU.ActiveCfg = Release|Any CPU
		{3EC4B728-49EE-4C80-A418-311692C59B1C}.Release|Any CPU.Build.0 = Release|Any CPU
		{8AA96C87-AEEF-4F2E-9A87-BB02416974F3}.Debug|Any CPU.ActiveCfg = Debug|Any CPU
		{8AA96C87-AEEF-4F2E-9A87-BB02416974F3}.Debug|Any CPU.Build.0 = Debug|Any CPU
		{8AA96C87-AEEF-4F2E-9A87-BB02416974F3}.Release|Any CPU.ActiveCfg = Release|Any CPU
		{8AA96C87-AEEF-4F2E-9A87-BB02416974F3}.Release|Any CPU.Build.0 = Release|Any CPU
		{DC7333D5-93B0-44D0-891C-22EF99703845}.Debug|Any CPU.ActiveCfg = Debug|Any CPU
		{DC7333D5-93B0-44D0-891C-22EF99703845}.Debug|Any CPU.Build.0 = Debug|Any CPU
		{DC7333D5-93B0-44D0-891C-22EF99703845}.Release|Any CPU.ActiveCfg = Release|Any CPU
		{DC7333D5-93B0-44D0-891C-22EF99703845}.Release|Any CPU.Build.0 = Release|Any CPU
		{8086C1D7-9A4B-4A21-B6CC-46971A9E2175}.Debug|Any CPU.ActiveCfg = Debug|Any CPU
		{8086C1D7-9A4B-4A21-B6CC-46971A9E2175}.Debug|Any CPU.Build.0 = Debug|Any CPU
		{8086C1D7-9A4B-4A21-B6CC-46971A9E2175}.Release|Any CPU.ActiveCfg = Release|Any CPU
		{8086C1D7-9A4B-4A21-B6CC-46971A9E2175}.Release|Any CPU.Build.0 = Release|Any CPU
		{86851471-A30C-4AE2-A6C2-E484A38CFF74}.Debug|Any CPU.ActiveCfg = Debug|Any CPU
		{86851471-A30C-4AE2-A6C2-E484A38CFF74}.Debug|Any CPU.Build.0 = Debug|Any CPU
		{86851471-A30C-4AE2-A6C2-E484A38CFF74}.Release|Any CPU.ActiveCfg = Release|Any CPU
		{86851471-A30C-4AE2-A6C2-E484A38CFF74}.Release|Any CPU.Build.0 = Release|Any CPU
	EndGlobalSection
	GlobalSection(SolutionProperties) = preSolution
		HideSolutionNode = FALSE
	EndGlobalSection
	GlobalSection(ExtensibilityGlobals) = postSolution
		SolutionGuid = {0D6AE488-584F-4022-9852-A119854C2080}
	EndGlobalSection
EndGlobal
